<?xml version="1.0" encoding="utf-8"?>
<Project ToolsVersion="4.0" xmlns="http://schemas.microsoft.com/developer/msbuild/2003">
  <ItemGroup>
    <Filter Include="source">
      <UniqueIdentifier>{4FC737F1-C7A5-4376-A066-2A32D752A2FF}</UniqueIdentifier>
      <Extensions>cpp;c;cc;cxx;c++;cppm;ixx;def;odl;idl;hpj;bat;asm;asmx</Extensions>
    </Filter>
    <Filter Include="source\user interface">
      <UniqueIdentifier>{d3e1f393-e85b-42cf-bf5f-a864dec607c7}</UniqueIdentifier>
    </Filter>
    <Filter Include="source\user interface\elements">
      <UniqueIdentifier>{84640adc-29b9-4a93-9bd8-44b98f327e8c}</UniqueIdentifier>
    </Filter>
    <Filter Include="source\user interface\render">
      <UniqueIdentifier>{aa2fd04e-0286-42a3-9f0a-3227bacffdfe}</UniqueIdentifier>
    </Filter>
    <Filter Include="source\libs">
      <UniqueIdentifier>{46838972-bd4a-4b2d-95e2-e19f5c228a86}</UniqueIdentifier>
    </Filter>
    <Filter Include="source\libs\imgui">
      <UniqueIdentifier>{f8f402dc-ba40-45f8-851b-de3bea8f533d}</UniqueIdentifier>
    </Filter>
    <Filter Include="source\backends">
      <UniqueIdentifier>{635914ae-b25f-47e6-8e89-927e9d26cbc6}</UniqueIdentifier>
    </Filter>
  </ItemGroup>
  <ItemGroup>
    <ClCompile Include="main.cpp">
      <Filter>source</Filter>
    </ClCompile>
    <ClCompile Include="ui\fonts.cpp">
      <Filter>source\user interface\elements</Filter>
    </ClCompile>
    <ClCompile Include="ui\ui_elems.cpp">
      <Filter>source\user interface\elements</Filter>
    </ClCompile>
    <ClCompile Include="render\rend_inits.cpp">
      <Filter>source\user interface\render</Filter>
    </ClCompile>
    <ClCompile Include="render\window_render.cpp">
      <Filter>source\user interface\render</Filter>
    </ClCompile>
    <ClCompile Include="..\libs\imgui\imgui.cpp">
      <Filter>source\libs\imgui</Filter>
    </ClCompile>
    <ClCompile Include="..\libs\imgui\imgui_demo.cpp">
      <Filter>source\libs\imgui</Filter>
    </ClCompile>
    <ClCompile Include="..\libs\imgui\imgui_draw.cpp">
      <Filter>source\libs\imgui</Filter>
    </ClCompile>
    <ClCompile Include="..\libs\imgui\imgui_freetype.cpp">
      <Filter>source\libs\imgui</Filter>
    </ClCompile>
    <ClCompile Include="..\libs\imgui\imgui_impl_dx11.cpp">
      <Filter>source\libs\imgui</Filter>
    </ClCompile>
    <ClCompile Include="..\libs\imgui\imgui_impl_win32.cpp">
      <Filter>source\libs\imgui</Filter>
    </ClCompile>
    <ClCompile Include="..\libs\imgui\imgui_tables.cpp">
      <Filter>source\libs\imgui</Filter>
    </ClCompile>
    <ClCompile Include="..\libs\imgui\imgui_widgets.cpp">
      <Filter>source\libs\imgui</Filter>
    </ClCompile>
  </ItemGroup>
  <ItemGroup>
    <ClInclude Include="main.h">
      <Filter>source</Filter>
    </ClInclude>
    <ClInclude Include="ui\fonts.h">
      <Filter>source\user interface\elements</Filter>
    </ClInclude>
    <ClInclude Include="ui\fonts_data.h">
      <Filter>source\user interface\elements</Filter>
    </ClInclude>
    <ClInclude Include="ui\styles.hpp">
      <Filter>source\user interface\elements</Filter>
    </ClInclude>
    <ClInclude Include="ui\tabs.hpp">
      <Filter>source\user interface\elements</Filter>
    </ClInclude>
    <ClInclude Include="ui\ui_elems.h">
      <Filter>source\user interface\elements</Filter>
    </ClInclude>
    <ClInclude Include="render\rend_inits.h">
      <Filter>source\user interface\render</Filter>
    </ClInclude>
    <ClInclude Include="render\window_render.h">
      <Filter>source\user interface\render</Filter>
    </ClInclude>
    <ClInclude Include="render\wnd_proc.h">
      <Filter>source\user interface\render</Filter>
    </ClInclude>
    <ClInclude Include="ui_main.h">
      <Filter>source\user interface</Filter>
    </ClInclude>
    <ClInclude Include="..\libs\imgui\imconfig.h">
      <Filter>source\libs\imgui</Filter>
    </ClInclude>
    <ClInclude Include="..\libs\imgui\imgui.h">
      <Filter>source\libs\imgui</Filter>
    </ClInclude>
    <ClInclude Include="..\libs\imgui\imgui_freetype.h">
      <Filter>source\libs\imgui</Filter>
    </ClInclude>
    <ClInclude Include="..\libs\imgui\imgui_impl_dx11.h">
      <Filter>source\libs\imgui</Filter>
    </ClInclude>
    <ClInclude Include="..\libs\imgui\imgui_impl_win32.h">
      <Filter>source\libs\imgui</Filter>
    </ClInclude>
    <ClInclude Include="..\libs\imgui\imgui_internal.h">
      <Filter>source\libs\imgui</Filter>
    </ClInclude>
    <ClInclude Include="..\libs\imgui\imstb_rectpack.h">
      <Filter>source\libs\imgui</Filter>
    </ClInclude>
    <ClInclude Include="..\libs\imgui\imstb_textedit.h">
      <Filter>source\libs\imgui</Filter>
    </ClInclude>
    <ClInclude Include="..\libs\imgui\imstb_truetype.h">
      <Filter>source\libs\imgui</Filter>
    </ClInclude>
    <ClInclude Include="user_class.h">
      <Filter>source\backends</Filter>
    </ClInclude>
    <ClInclude Include="strings.h">
      <Filter>source\user interface\render</Filter>
    </ClInclude>
    <ClInclude Include="c_product.hpp">
      <Filter>source\backends</Filter>
    </ClInclude>
    <ClInclude Include="ui_events.hpp">
      <Filter>source</Filter>
    </ClInclude>
  </ItemGroup>
</Project>